{
  "version": 4,
  "terraform_version": "0.12.8",
  "serial": 21,
  "lineage": "d4a2d9ae-bbc0-9895-1313-7b9cfe7429df",
  "outputs": {
    "app_external_ip": {
      "value": [
        "34.77.104.148"
      ],
      "type": [
        "tuple",
        [
          "string"
        ]
      ]
    }
  },
  "resources": [
    {
      "mode": "managed",
      "type": "google_compute_firewall",
      "name": "firewall_puma",
      "provider": "provider.google",
      "instances": [
        {
          "schema_version": 1,
          "attributes": {
            "allow": [
              {
                "ports": [
                  "9292"
                ],
                "protocol": "tcp"
              }
            ],
            "creation_timestamp": "2022-11-08T23:58:07.400-08:00",
            "deny": [],
            "description": "",
            "destination_ranges": [],
            "direction": "INGRESS",
            "disabled": false,
            "enable_logging": false,
            "id": "projects/docker-367511/global/firewalls/allow-puma-default",
            "name": "allow-puma-default",
            "network": "https://www.googleapis.com/compute/v1/projects/docker-367511/global/networks/default",
            "priority": 1000,
            "project": "docker-367511",
            "self_link": "https://www.googleapis.com/compute/v1/projects/docker-367511/global/firewalls/allow-puma-default",
            "source_ranges": [
              "0.0.0.0/0"
            ],
            "source_service_accounts": null,
            "source_tags": null,
            "target_service_accounts": null,
            "target_tags": null,
            "timeouts": null
          },
          "private": "eyJlMmJmYjczMC1lY2FhLTExZTYtOGY4OC0zNDM2M2JjN2M0YzAiOnsiY3JlYXRlIjoyNDAwMDAwMDAwMDAsImRlbGV0ZSI6MjQwMDAwMDAwMDAwLCJ1cGRhdGUiOjI0MDAwMDAwMDAwMH0sInNjaGVtYV92ZXJzaW9uIjoiMSJ9"
        }
      ]
    },
    {
      "mode": "managed",
      "type": "google_compute_instance",
      "name": "app",
      "provider": "provider.google",
      "instances": [
        {
          "schema_version": 6,
          "attributes": {
            "allow_stopping_for_update": null,
            "attached_disk": [],
            "boot_disk": [
              {
                "auto_delete": true,
                "device_name": "persistent-disk-0",
                "disk_encryption_key_raw": "",
                "disk_encryption_key_sha256": "",
                "initialize_params": [
                  {
                    "image": "https://www.googleapis.com/compute/v1/projects/ubuntu-os-cloud/global/images/ubuntu-1804-bionic-v20221018",
                    "labels": {},
                    "size": 10,
                    "type": "pd-standard"
                  }
                ],
                "kms_key_self_link": "",
                "mode": "READ_WRITE",
                "source": "https://www.googleapis.com/compute/v1/projects/docker-367511/zones/europe-west1-b/disks/docker-host"
              }
            ],
            "can_ip_forward": false,
            "cpu_platform": "Intel Haswell",
            "current_status": "RUNNING",
            "deletion_protection": false,
            "description": "",
            "desired_status": null,
            "enable_display": false,
            "guest_accelerator": [],
            "hostname": "",
            "id": "projects/docker-367511/zones/europe-west1-b/instances/docker-host",
            "instance_id": "8820023681222108028",
            "label_fingerprint": "42WmSpB8rSM=",
            "labels": null,
            "machine_type": "g1-small",
            "metadata": {
              "ssh-keys": "sweeft:ssh-rsa AAAAB3NzaC1yc2EAAAADAQABAAABgQDCuJU8zusIrPQi63kHjhffL3u6mv9Ap9c1JknwYqFLvxmIh8lTC7bbnUAwp9Fu9xyh+0C2HjgYyuIUrpg5+UdP9Y+z+hOr0a99zPVp/SUlorLsqiTx6KFR3w4e3uMwoWBccD1CERYpwISCGosS/iXOl/jeb8ZS6sOtY7j/0Ak1+MbvzeWvY3PxOzUnrjPFH4tjRIUDJudQGmkp1l0uNmcj9aCHhTCgtB9IEfdGNWHC8d/VQxgGTXfF2+ni/QcrzF3Ebjc9Xe/0j3wFXl0OvGr1hKs0p1U8xNz2j8HieFZqjl1PdfK5Z3Cx+hZJf6NjBHe22AF/qoNPEeVqKa2e645aWY8M79o/iKntyqOhhvUNfdS1oTy7JbxgoNTM4ksoVwjOIjL6dYZhI3NY44UnpLECqDmMB7nsk/eUzTL0iNszml19/d7ojhB2sChUWpqDd0yLEKUYSa4mpMT+PMz+fGiHMrLNhtzG9TF7w6+uSeqysb8HG3fQVOT7RTK2dzSXIvU= sweeft@Sweeft\n"
            },
            "metadata_fingerprint": "oOdZ1PxyThc=",
            "metadata_startup_script": "",
            "min_cpu_platform": "",
            "name": "docker-host",
            "network_interface": [
              {
                "access_config": [
                  {
                    "nat_ip": "34.77.104.148",
                    "network_tier": "PREMIUM",
                    "public_ptr_domain_name": ""
                  }
                ],
                "alias_ip_range": [],
                "name": "nic0",
                "network": "https://www.googleapis.com/compute/v1/projects/docker-367511/global/networks/default",
                "network_ip": "10.132.0.6",
                "subnetwork": "https://www.googleapis.com/compute/v1/projects/docker-367511/regions/europe-west1/subnetworks/default",
                "subnetwork_project": "docker-367511"
              }
            ],
            "project": "docker-367511",
            "scheduling": [
              {
                "automatic_restart": true,
                "node_affinities": [],
                "on_host_maintenance": "MIGRATE",
                "preemptible": false
              }
            ],
            "scratch_disk": [],
            "self_link": "https://www.googleapis.com/compute/v1/projects/docker-367511/zones/europe-west1-b/instances/docker-host",
            "service_account": [],
            "shielded_instance_config": [
              {
                "enable_integrity_monitoring": true,
                "enable_secure_boot": false,
                "enable_vtpm": true
              }
            ],
            "tags": [
              "docker-host"
            ],
            "tags_fingerprint": "et0vOZ3yDj4=",
            "timeouts": null,
            "zone": "europe-west1-b"
          },
          "private": "eyJlMmJmYjczMC1lY2FhLTExZTYtOGY4OC0zNDM2M2JjN2M0YzAiOnsiY3JlYXRlIjoxMjAwMDAwMDAwMDAwLCJkZWxldGUiOjEyMDAwMDAwMDAwMDAsInVwZGF0ZSI6MTIwMDAwMDAwMDAwMH0sInNjaGVtYV92ZXJzaW9uIjoiNiJ9"
        }
      ]
    }
  ]
}
